schema: '2.0'
stages:
  data_ingestion:
    cmd: python src/data_ingestion.py
    deps:
    - path: src/data_ingestion.py
      hash: md5
      md5: 8038a1f5f4fe3d28e93a29932ccaea90
      size: 3550
    params:
      params.yaml:
        data_ingestion.test_size: 0.35
    outs:
    - path: data/raw
      hash: md5
      md5: 757976709af5b8e1a7266c169aa0ba6e.dir
      size: 484846
      nfiles: 2
  data_preprocessing:
    cmd: python src/data_preprocessing.py
    deps:
    - path: data/raw
      hash: md5
      md5: 757976709af5b8e1a7266c169aa0ba6e.dir
      size: 484846
      nfiles: 2
    - path: src/data_preprocessing.py
      hash: md5
      md5: ae0059b79590609927f72e3c373f1865
      size: 3973
    outs:
    - path: data/interim
      hash: md5
      md5: b9f4f74b2f43532cf80427caa2a553ea.dir
      size: 263050
      nfiles: 2
  feature_engineering:
    cmd: python src/feature_engineering.py
    deps:
    - path: data/interim
      hash: md5
      md5: b9f4f74b2f43532cf80427caa2a553ea.dir
      size: 263050
      nfiles: 2
    - path: src/feature_engineering.py
      hash: md5
      md5: fd3377fb38e88e3b4a7277031a0d4ab3
      size: 3691
    params:
      params.yaml:
        feature_engineering.max_features: 50
    outs:
    - path: data/processed
      hash: md5
      md5: 256c54aca5e343e68dabf3f757fd7ff0.dir
      size: 1190349
      nfiles: 2
  mode_training:
    cmd: python src/model_training.py
    deps:
    - path: data/processed
      hash: md5
      md5: 256c54aca5e343e68dabf3f757fd7ff0.dir
      size: 1190349
      nfiles: 2
    - path: src/model_training.py
      hash: md5
      md5: 654d51af9982e6899550bc61c08353c9
      size: 4855
    params:
      params.yaml:
        model_training.n_estimators: 20
        model_training.random_state: 2
    outs:
    - path: models/model.pkl
      hash: md5
      md5: 86ff4214f29de973fe8fef0621bc3c32
      size: 676813
  model_evaluation:
    cmd: python src/model_evaluation.py
    deps:
    - path: models/model.pkl
      hash: md5
      md5: 86ff4214f29de973fe8fef0621bc3c32
      size: 676813
    - path: src/model_evaluation.py
      hash: md5
      md5: 3a741e371f34df518961c1935c615616
      size: 4651
    outs:
    - path: reports/metrics.json
      hash: md5
      md5: 6d1975f12ce97fb86711419d91c64414
      size: 143
